{
  "name": "go-to-line",
  "version": "0.33.0",
  "lockfileVersion": 2,
  "requires": true,
  "packages": {
    "": {
      "version": "0.33.0",
      "license": "MIT",
      "devDependencies": {
        "standard": "^8.6.0"
      },
      "engines": {
        "atom": "*"
      }
    },
    "node_modules/ajv": {
      "version": "4.11.8",
      "integrity": "sha1-gv+wKynmYq5TvcIK8VlHcGc5xTY=",
      "dev": true,
      "dependencies": {
        "co": "^4.6.0",
        "json-stable-stringify": "^1.0.1"
      }
    },
    "node_modules/ansi-escapes": {
      "version": "1.4.0",
      "integrity": "sha1-06ioOzGapneTZisT52HHkRQiMG4=",
      "dev": true,
      "engines": {
        "node": ">=0.10.0"
      }
    },
    "node_modules/cli-cursor": {
      "version": "1.0.2",
      "integrity": "sha1-ZNo/fValRBLll5S9Ytw1KV6PKYc=",
      "dev": true,
      "dependencies": {
        "restore-cursor": "^1.0.1"
      },
      "engines": {
        "node": ">=0.10.0"
      }
    },
    "node_modules/doctrine": {
      "version": "1.5.0",
      "integrity": "sha1-N53Ocw9hZvds76TmcHoVmwLFpvo=",
      "dev": true,
      "dependencies": {
        "esutils": "^2.0.2",
        "isarray": "^1.0.0"
      },
      "engines": {
        "node": ">=0.10.0"
      }
    },
    "node_modules/eslint": {
      "version": "3.10.2",
      "integrity": "sha1-yaEOi/bp1lZRIEd4xQM0Hx6sPOc=",
      "dev": true,
      "dependencies": {
        "babel-code-frame": "^6.16.0",
        "chalk": "^1.1.3",
        "concat-stream": "^1.4.6",
        "debug": "^2.1.1",
        "doctrine": "^1.2.2",
        "escope": "^3.6.0",
        "espree": "^3.3.1",
        "estraverse": "^4.2.0",
        "esutils": "^2.0.2",
        "file-entry-cache": "^2.0.0",
        "glob": "^7.0.3",
        "globals": "^9.2.0",
        "ignore": "^3.2.0",
        "imurmurhash": "^0.1.4",
        "inquirer": "^0.12.0",
        "is-my-json-valid": "^2.10.0",
        "is-resolvable": "^1.0.0",
        "js-yaml": "^3.5.1",
        "json-stable-stringify": "^1.0.0",
        "levn": "^0.3.0",
        "lodash": "^4.0.0",
        "mkdirp": "^0.5.0",
        "natural-compare": "^1.4.0",
        "optionator": "^0.8.2",
        "path-is-inside": "^1.0.1",
        "pluralize": "^1.2.1",
        "progress": "^1.1.8",
        "require-uncached": "^1.0.2",
        "shelljs": "^0.7.5",
        "strip-bom": "^3.0.0",
        "strip-json-comments": "~1.0.1",
        "table": "^3.7.8",
        "text-table": "~0.2.0",
        "user-home": "^2.0.0"
      },
      "bin": {
        "eslint": "bin/eslint.js"
      },
      "engines": {
        "node": ">=4"
      }
    },
    "node_modules/eslint-config-standard": {
      "version": "6.2.1",
      "integrity": "sha1-06aKr8cZFjnn7kQec0hzkCY1QpI=",
      "dev": true,
      "peerDependencies": {
        "eslint": ">=3.8.1",
        "eslint-plugin-promise": ">=3.3.0",
        "eslint-plugin-standard": ">=2.0.0"
      }
    },
    "node_modules/eslint-config-standard-jsx": {
      "version": "3.2.0",
      "integrity": "sha1-wkDibtkZoRpCqk3oBZRys4Jo1iA=",
      "dev": true,
      "peerDependencies": {
        "eslint": ">=3.0.0",
        "eslint-plugin-react": ">=2.7.1"
      }
    },
    "node_modules/eslint-plugin-promise": {
      "version": "3.4.2",
      "integrity": "sha1-G+J5Pq/i0YtbEjuBNsJp+AT+cSI=",
      "dev": true,
      "engines": {
        "node": ">=4"
      }
    },
    "node_modules/eslint-plugin-react": {
      "version": "6.7.1",
      "integrity": "sha1-Gvlq6lRYVoJRV9l8G1DVqPtkpac=",
      "dev": true,
      "dependencies": {
        "doctrine": "^1.2.2",
        "jsx-ast-utils": "^1.3.3"
      },
      "engines": {
        "node": ">=0.10"
      },
      "peerDependencies": {
        "eslint": "^2.0.0 || ^3.0.0"
      }
    },
    "node_modules/eslint-plugin-standard": {
      "version": "2.0.1",
      "integrity": "sha1-NYlpn/nJF/LCX3apFmh/ZBw2n/M=",
      "dev": true,
      "peerDependencies": {
        "eslint": ">=3.0.0"
      }
    },
    "node_modules/figures": {
      "version": "1.7.0",
      "integrity": "sha1-y+Hjr/zxzUS4DK3+0o3Hk6lwHS4=",
      "dev": true,
      "dependencies": {
        "escape-string-regexp": "^1.0.5",
        "object-assign": "^4.1.0"
      },
      "engines": {
        "node": ">=0.10.0"
      }
    },
    "node_modules/get-stdin": {
      "version": "5.0.1",
      "integrity": "sha1-Ei4WFZHiH/TFJTAwVpPyDmOTo5g=",
      "dev": true,
      "engines": {
        "node": ">=0.12.0"
      }
    },
    "node_modules/globals": {
      "version": "9.18.0",
      "integrity": "sha512-S0nG3CLEQiY/ILxqtztTWH/3iRRdyBLw6KMDxnKMchrtbj2OFmehVh0WUCfW3DUrIgx/qFrJPICrq4Z4sTR9UQ==",
      "dev": true,
      "engines": {
        "node": ">=0.10.0"
      }
    },
    "node_modules/home-or-tmp": {
      "version": "2.0.0",
      "integrity": "sha1-42w/LSyufXRqhX440Y1fMqeILbg=",
      "dev": true,
      "dependencies": {
        "os-homedir": "^1.0.0",
        "os-tmpdir": "^1.0.1"
      },
      "engines": {
        "node": ">=0.10.0"
      }
    },
    "node_modules/inquirer": {
      "version": "0.12.0",
      "integrity": "sha1-HvK/1jUE3wvHV4X/+MLEHfEvB34=",
      "dev": true,
      "dependencies": {
        "ansi-escapes": "^1.1.0",
        "ansi-regex": "^2.0.0",
        "chalk": "^1.0.0",
        "cli-cursor": "^1.0.1",
        "cli-width": "^2.0.0",
        "figures": "^1.3.5",
        "lodash": "^4.3.0",
        "readline2": "^1.0.1",
        "run-async": "^0.1.0",
        "rx-lite": "^3.1.2",
        "string-width": "^1.0.1",
        "strip-ansi": "^3.0.0",
        "through": "^2.3.6"
      }
    },
    "node_modules/is-fullwidth-code-point": {
      "version": "2.0.0",
      "integrity": "sha1-o7MKXE8ZkYMWeqq5O+764937ZU8=",
      "dev": true,
      "engines": {
        "node": ">=4"
      }
    },
    "node_modules/jsx-ast-utils": {
      "version": "1.4.1",
      "integrity": "sha1-OGchPo3Xm/Ho8jAMDPwe+xgsDfE=",
      "dev": true,
      "engines": {
        "node": ">=4.0"
      }
    },
    "node_modules/lodash": {
      "version": "4.17.21",
      "integrity": "sha512-v2kDEe57lecTulaDIuNTPy3Ry4gLGJ6Z1O3vE1krgXZNrsQ+LFTGHVxVjcXPs17LhbZVGedAJv8XZ1tvj5FvSg==",
      "dev": true
    },
    "node_modules/onetime": {
      "version": "1.1.0",
      "integrity": "sha1-ofeDj4MUxRbwXs78vEzP4EtO14k=",
      "dev": true,
      "engines": {
        "node": ">=0.10.0"
      }
    },
    "node_modules/pluralize": {
      "version": "1.2.1",
      "integrity": "sha1-0aIUg/0iu0HlihL6NCGCMUCJfEU=",
      "dev": true
    },
    "node_modules/progress": {
      "version": "1.1.8",
      "integrity": "sha1-4mDHj2Fhzdmw5WzD4Khd4Xx6V74=",
      "dev": true,
      "engines": {
        "node": ">=0.4.0"
      }
    },
    "node_modules/restore-cursor": {
      "version": "1.0.1",
      "integrity": "sha1-NGYfRohjJ/7SmRR5FSJS35LapUE=",
      "dev": true,
      "dependencies": {
        "exit-hook": "^1.0.0",
        "onetime": "^1.0.0"
      },
      "engines": {
        "node": ">=0.10.0"
      }
    },
    "node_modules/run-async": {
      "version": "0.1.0",
      "integrity": "sha1-yK1KXhEGYeQCp9IbUw4AnyX444k=",
      "dev": true,
      "dependencies": {
        "once": "^1.3.0"
      }
    },
    "node_modules/rx-lite": {
      "version": "3.1.2",
      "integrity": "sha1-Gc5QLKVyZl87ZHsQk5+X/RYV8QI=",
      "dev": true
    },
    "node_modules/slice-ansi": {
      "version": "0.0.4",
      "integrity": "sha1-7b+JA/ZvfOL46v1s7tZeJkyDGzU=",
      "dev": true,
      "engines": {
        "node": ">=0.10.0"
      }
    },
    "node_modules/standard": {
      "version": "8.6.0",
      "integrity": "sha1-Y1Eyvnv7VnwpIQBfMPnjUOR1Kq0=",
      "dev": true,
      "dependencies": {
        "eslint": "~3.10.2",
        "eslint-config-standard": "6.2.1",
        "eslint-config-standard-jsx": "3.2.0",
        "eslint-plugin-promise": "~3.4.0",
        "eslint-plugin-react": "~6.7.1",
        "eslint-plugin-standard": "~2.0.1",
        "standard-engine": "~5.2.0"
      },
      "bin": {
        "standard": "bin/cmd.js"
      },
      "engines": {
        "node": ">=4"
      }
    },
    "node_modules/standard-engine": {
      "version": "5.2.0",
      "integrity": "sha1-QAZgrlrM6K/U22D/IhSpGQrXkKM=",
      "dev": true,
      "dependencies": {
        "deglob": "^2.0.0",
        "find-root": "^1.0.0",
        "get-stdin": "^5.0.1",
        "home-or-tmp": "^2.0.0",
        "minimist": "^1.1.0",
        "pkg-config": "^1.0.1"
      }
    },
    "node_modules/strip-json-comments": {
      "version": "1.0.4",
      "integrity": "sha1-HhX7ysl9Pumb8tc7TGVrCCu6+5E=",
      "dev": true,
      "bin": {
        "strip-json-comments": "cli.js"
      },
      "engines": {
        "node": ">=0.8.0"
      }
    },
    "node_modules/table": {
      "version": "3.8.3",
      "integrity": "sha1-K7xULw/amGGnVdOUf+/Ys/UThV8=",
      "dev": true,
      "dependencies": {
        "ajv": "^4.7.0",
        "ajv-keywords": "^1.0.0",
        "chalk": "^1.1.1",
        "lodash": "^4.0.0",
        "slice-ansi": "0.0.4",
        "string-width": "^2.0.0"
      }
    },
    "node_modules/table/node_modules/ansi-regex": {
      "version": "3.0.0",
      "integrity": "sha1-7QMXwyIGT3lGbAKWa922Bas32Zg=",
      "dev": true,
      "engines": {
        "node": ">=4"
      }
    },
    "node_modules/table/node_modules/string-width": {
      "version": "2.1.1",
      "integrity": "sha512-nOqH59deCq9SRHlxq1Aw85Jnt4w6KvLKqWVik6oA9ZklXLNIOlqg4F2yrT1MVaTjAqvVwdfeZ7w7aCvJD7ugkw==",
      "dev": true,
      "dependencies": {
        "is-fullwidth-code-point": "^2.0.0",
        "strip-ansi": "^4.0.0"
      },
      "engines": {
        "node": ">=4"
      }
    },
    "node_modules/table/node_modules/strip-ansi": {
      "version": "4.0.0",
      "integrity": "sha1-qEeQIusaw2iocTibY1JixQXuNo8=",
      "dev": true,
      "dependencies": {
        "ansi-regex": "^3.0.0"
      },
      "engines": {
        "node": ">=4"
      }
    },
    "node_modules/user-home": {
      "version": "2.0.0",
      "integrity": "sha1-nHC/2Babwdy/SGBODwS4tJzenp8=",
      "dev": true,
      "dependencies": {
        "os-homedir": "^1.0.0"
      },
      "engines": {
        "node": ">=0.10.0"
      }
    }
  },
  "dependencies": {
    "ajv": {
      "version": "4.11.8",
      "dev": true,
      "requires": {
        "co": "^4.6.0",
        "json-stable-stringify": "^1.0.1"
      }
    },
    "ansi-escapes": {
      "version": "1.4.0",
      "dev": true
    },
    "cli-cursor": {
      "version": "1.0.2",
      "dev": true,
      "requires": {
        "restore-cursor": "^1.0.1"
      }
    },
    "doctrine": {
      "version": "1.5.0",
      "dev": true,
      "requires": {
        "esutils": "^2.0.2",
        "isarray": "^1.0.0"
      }
    },
    "eslint": {
      "version": "3.10.2",
      "dev": true,
      "requires": {
        "babel-code-frame": "^6.16.0",
        "chalk": "^1.1.3",
        "concat-stream": "^1.4.6",
        "debug": "^2.1.1",
        "doctrine": "^1.2.2",
        "escope": "^3.6.0",
        "espree": "^3.3.1",
        "estraverse": "^4.2.0",
        "esutils": "^2.0.2",
        "file-entry-cache": "^2.0.0",
        "glob": "^7.0.3",
        "globals": "^9.2.0",
        "ignore": "^3.2.0",
        "imurmurhash": "^0.1.4",
        "inquirer": "^0.12.0",
        "is-my-json-valid": "^2.10.0",
        "is-resolvable": "^1.0.0",
        "js-yaml": "^3.5.1",
        "json-stable-stringify": "^1.0.0",
        "levn": "^0.3.0",
        "lodash": "^4.0.0",
        "mkdirp": "^0.5.0",
        "natural-compare": "^1.4.0",
        "optionator": "^0.8.2",
        "path-is-inside": "^1.0.1",
        "pluralize": "^1.2.1",
        "progress": "^1.1.8",
        "require-uncached": "^1.0.2",
        "shelljs": "^0.7.5",
        "strip-bom": "^3.0.0",
        "strip-json-comments": "~1.0.1",
        "table": "^3.7.8",
        "text-table": "~0.2.0",
        "user-home": "^2.0.0"
      }
    },
    "eslint-config-standard": {
      "version": "6.2.1",
      "dev": true,
      "requires": {}
    },
    "eslint-config-standard-jsx": {
      "version": "3.2.0",
      "dev": true,
      "requires": {}
    },
    "eslint-plugin-promise": {
      "version": "3.4.2",
      "dev": true
    },
    "eslint-plugin-react": {
      "version": "6.7.1",
      "dev": true,
      "requires": {
        "doctrine": "^1.2.2",
        "jsx-ast-utils": "^1.3.3"
      }
    },
    "eslint-plugin-standard": {
      "version": "2.0.1",
      "dev": true,
      "requires": {}
    },
    "figures": {
      "version": "1.7.0",
      "dev": true,
      "requires": {
        "escape-string-regexp": "^1.0.5",
        "object-assign": "^4.1.0"
      }
    },
    "get-stdin": {
      "version": "5.0.1",
      "dev": true
    },
    "globals": {
      "version": "9.18.0",
      "dev": true
    },
    "home-or-tmp": {
      "version": "2.0.0",
      "dev": true,
      "requires": {
        "os-homedir": "^1.0.0",
        "os-tmpdir": "^1.0.1"
      }
    },
    "inquirer": {
      "version": "0.12.0",
      "dev": true,
      "requires": {
        "ansi-escapes": "^1.1.0",
        "ansi-regex": "^2.0.0",
        "chalk": "^1.0.0",
        "cli-cursor": "^1.0.1",
        "cli-width": "^2.0.0",
        "figures": "^1.3.5",
        "lodash": "^4.3.0",
        "readline2": "^1.0.1",
        "run-async": "^0.1.0",
        "rx-lite": "^3.1.2",
        "string-width": "^1.0.1",
        "strip-ansi": "^3.0.0",
        "through": "^2.3.6"
      }
    },
    "is-fullwidth-code-point": {
      "version": "2.0.0",
      "dev": true
    },
    "jsx-ast-utils": {
      "version": "1.4.1",
      "dev": true
    },
    "lodash": {
      "version": "4.17.21",
      "dev": true
    },
    "onetime": {
      "version": "1.1.0",
      "dev": true
    },
    "pluralize": {
      "version": "1.2.1",
      "dev": true
    },
    "progress": {
      "version": "1.1.8",
      "dev": true
    },
    "restore-cursor": {
      "version": "1.0.1",
      "dev": true,
      "requires": {
        "exit-hook": "^1.0.0",
        "onetime": "^1.0.0"
      }
    },
    "run-async": {
      "version": "0.1.0",
      "dev": true,
      "requires": {
        "once": "^1.3.0"
      }
    },
    "rx-lite": {
      "version": "3.1.2",
      "dev": true
    },
    "slice-ansi": {
      "version": "0.0.4",
      "dev": true
    },
    "standard": {
      "version": "8.6.0",
      "dev": true,
      "requires": {
        "eslint": "~3.10.2",
        "eslint-config-standard": "6.2.1",
        "eslint-config-standard-jsx": "3.2.0",
        "eslint-plugin-promise": "~3.4.0",
        "eslint-plugin-react": "~6.7.1",
        "eslint-plugin-standard": "~2.0.1",
        "standard-engine": "~5.2.0"
      }
    },
    "standard-engine": {
      "version": "5.2.0",
      "dev": true,
      "requires": {
        "deglob": "^2.0.0",
        "find-root": "^1.0.0",
        "get-stdin": "^5.0.1",
        "home-or-tmp": "^2.0.0",
        "minimist": "^1.1.0",
        "pkg-config": "^1.0.1"
      }
    },
    "strip-json-comments": {
      "version": "1.0.4",
      "dev": true
    },
    "table": {
      "version": "3.8.3",
      "dev": true,
      "requires": {
        "ajv": "^4.7.0",
        "ajv-keywords": "^1.0.0",
        "chalk": "^1.1.1",
        "lodash": "^4.0.0",
        "slice-ansi": "0.0.4",
        "string-width": "^2.0.0"
      },
      "dependencies": {
        "ansi-regex": {
          "version": "3.0.0",
          "dev": true
        },
        "string-width": {
          "version": "2.1.1",
          "dev": true,
          "requires": {
            "is-fullwidth-code-point": "^2.0.0",
            "strip-ansi": "^4.0.0"
          }
        },
        "strip-ansi": {
          "version": "4.0.0",
          "dev": true,
          "requires": {
            "ansi-regex": "^3.0.0"
          }
        }
      }
    },
    "user-home": {
      "version": "2.0.0",
      "dev": true,
      "requires": {
        "os-homedir": "^1.0.0"
      }
    }
  }
}
