{
  "name": "line-ending-selector",
  "version": "0.7.7",
  "lockfileVersion": 2,
  "requires": true,
  "packages": {
    "": {
      "version": "0.7.7",
      "license": "MIT",
      "dependencies": {
        "atom-select-list": "^0.7.0",
        "underscore-plus": "^1.7.0"
      },
      "devDependencies": {
        "standard": "^5.1.0"
      },
      "engines": {
        "atom": "^1.0.0"
      }
    },
    "node_modules/ansi-escapes": {
      "version": "1.4.0",
      "integrity": "sha1-06ioOzGapneTZisT52HHkRQiMG4=",
      "dev": true,
      "engines": {
        "node": ">=0.10.0"
      }
    },
    "node_modules/atom-select-list": {
      "version": "0.7.2",
      "integrity": "sha512-a707OB1DhLGjzqtFrtMQKH7BBxFuCh8UBoUWxgFOrLrSwVh3g+/TlVPVDOz12+U0mDu3mIrnYLqQyhywQOTxhw==",
      "dependencies": {
        "etch": "^0.12.6",
        "fuzzaldrin": "^2.1.0"
      }
    },
    "node_modules/cli-cursor": {
      "version": "1.0.2",
      "integrity": "sha1-ZNo/fValRBLll5S9Ytw1KV6PKYc=",
      "dev": true,
      "dependencies": {
        "restore-cursor": "^1.0.1"
      },
      "engines": {
        "node": ">=0.10.0"
      }
    },
    "node_modules/cli-width": {
      "version": "1.1.1",
      "integrity": "sha1-pNKT72frt7iNSk1CwMzwDE0eNm0=",
      "dev": true
    },
    "node_modules/deglob": {
      "version": "1.1.2",
      "integrity": "sha1-dtV3wl/j9zKUEqK1nq3qV6xQDj8=",
      "dev": true,
      "dependencies": {
        "find-root": "^1.0.0",
        "glob": "^7.0.5",
        "ignore": "^3.0.9",
        "pkg-config": "^1.1.0",
        "run-parallel": "^1.1.2",
        "uniq": "^1.0.1",
        "xtend": "^4.0.0"
      }
    },
    "node_modules/doctrine": {
      "version": "0.7.2",
      "integrity": "sha1-fLhgNZujvpDgQLJrcpzkv6ZUxSM=",
      "dev": true,
      "dependencies": {
        "esutils": "^1.1.6",
        "isarray": "0.0.1"
      },
      "engines": {
        "node": ">=0.10.0"
      }
    },
    "node_modules/doctrine/node_modules/esutils": {
      "version": "1.1.6",
      "integrity": "sha1-wBzKqa5LiXxtDD4hCuUvPHqEQ3U=",
      "dev": true,
      "engines": {
        "node": ">=0.10.0"
      }
    },
    "node_modules/eslint": {
      "version": "1.9.0",
      "integrity": "sha1-p1qvB+KGUHcu0OcNqizggwebZRQ=",
      "dev": true,
      "dependencies": {
        "chalk": "^1.0.0",
        "concat-stream": "^1.4.6",
        "debug": "^2.1.1",
        "doctrine": "^0.7.0",
        "escape-string-regexp": "^1.0.2",
        "escope": "^3.2.0",
        "espree": "^2.2.4",
        "estraverse": "^4.1.1",
        "estraverse-fb": "^1.3.1",
        "esutils": "^2.0.2",
        "file-entry-cache": "^1.1.1",
        "glob": "^5.0.14",
        "globals": "^8.11.0",
        "handlebars": "^4.0.0",
        "inquirer": "^0.11.0",
        "is-my-json-valid": "^2.10.0",
        "is-resolvable": "^1.0.0",
        "js-yaml": "^3.2.5",
        "json-stable-stringify": "^1.0.0",
        "lodash.clonedeep": "^3.0.1",
        "lodash.merge": "^3.3.2",
        "lodash.omit": "^3.1.0",
        "minimatch": "^3.0.0",
        "mkdirp": "^0.5.0",
        "object-assign": "^4.0.1",
        "optionator": "^0.6.0",
        "path-is-absolute": "^1.0.0",
        "path-is-inside": "^1.0.1",
        "shelljs": "^0.5.3",
        "strip-json-comments": "~1.0.1",
        "text-table": "~0.2.0",
        "to-double-quotes": "^2.0.0",
        "to-single-quotes": "^2.0.0",
        "user-home": "^2.0.0",
        "xml-escape": "~1.0.0"
      },
      "bin": {
        "eslint": "bin/eslint.js"
      },
      "engines": {
        "node": ">=0.10"
      }
    },
    "node_modules/eslint-config-standard": {
      "version": "4.4.0",
      "integrity": "sha1-wSl0nhmZ4M+GEHeyddnFHc2XzXU=",
      "dev": true,
      "peerDependencies": {
        "eslint-plugin-standard": "^1.1.0"
      }
    },
    "node_modules/eslint-plugin-react": {
      "version": "3.16.1",
      "integrity": "sha1-Ji2Wt318SkKvgJpzwOUnpYYSKTw=",
      "dev": true
    },
    "node_modules/eslint-plugin-standard": {
      "version": "1.3.3",
      "integrity": "sha1-owhUUVI0MedvQJxwy4+U4yvw7H8=",
      "dev": true
    },
    "node_modules/eslint/node_modules/glob": {
      "version": "5.0.15",
      "integrity": "sha1-G8k2ueAvSmA/zCIuz3Yz0wuLk7E=",
      "dev": true,
      "dependencies": {
        "inflight": "^1.0.4",
        "inherits": "2",
        "minimatch": "2 || 3",
        "once": "^1.3.0",
        "path-is-absolute": "^1.0.0"
      },
      "engines": {
        "node": "*"
      }
    },
    "node_modules/espree": {
      "version": "2.2.5",
      "integrity": "sha1-32kbkxCIlAKuspzAZnCMVmkLhUs=",
      "dev": true,
      "bin": {
        "esparse": "bin/esparse.js",
        "esvalidate": "bin/esvalidate.js"
      },
      "engines": {
        "node": ">=0.10.0"
      }
    },
    "node_modules/etch": {
      "version": "0.12.8",
      "integrity": "sha512-dFLRe4wLroVtwzyy1vGlE3BSDZHiL0kZME5XgNGzZIULcYTvVno8vbiIleAesoKJmwWaxDTzG+4eppg2zk14JQ=="
    },
    "node_modules/fast-levenshtein": {
      "version": "1.0.7",
      "integrity": "sha1-AXjc3uAjuSkFGTrwlZ6KdjnP3Lk=",
      "dev": true
    },
    "node_modules/figures": {
      "version": "1.7.0",
      "integrity": "sha1-y+Hjr/zxzUS4DK3+0o3Hk6lwHS4=",
      "dev": true,
      "dependencies": {
        "escape-string-regexp": "^1.0.5",
        "object-assign": "^4.1.0"
      },
      "engines": {
        "node": ">=0.10.0"
      }
    },
    "node_modules/file-entry-cache": {
      "version": "1.3.1",
      "integrity": "sha1-RMYepgeuS+nBQC9B9EJwy/4zT/g=",
      "dev": true,
      "dependencies": {
        "flat-cache": "^1.2.1",
        "object-assign": "^4.0.1"
      },
      "engines": {
        "node": ">=0.10.0"
      }
    },
    "node_modules/globals": {
      "version": "8.18.0",
      "integrity": "sha1-k9SmK9ysOM+vr8R9awNHaMsP/LQ=",
      "dev": true,
      "engines": {
        "node": ">=0.10.0"
      }
    },
    "node_modules/inquirer": {
      "version": "0.11.4",
      "integrity": "sha1-geM3ToNhvq/y2XAWIG01nQsy+k0=",
      "dev": true,
      "dependencies": {
        "ansi-escapes": "^1.1.0",
        "ansi-regex": "^2.0.0",
        "chalk": "^1.0.0",
        "cli-cursor": "^1.0.1",
        "cli-width": "^1.0.1",
        "figures": "^1.3.5",
        "lodash": "^3.3.1",
        "readline2": "^1.0.1",
        "run-async": "^0.1.0",
        "rx-lite": "^3.1.2",
        "string-width": "^1.0.1",
        "strip-ansi": "^3.0.0",
        "through": "^2.3.6"
      }
    },
    "node_modules/isarray": {
      "version": "0.0.1",
      "integrity": "sha1-ihis/Kmo9Bd+Cav8YDiTmwXR7t8=",
      "dev": true
    },
    "node_modules/levn": {
      "version": "0.2.5",
      "integrity": "sha1-uo0znQykphDjo/FFucr0iAcVUFQ=",
      "dev": true,
      "dependencies": {
        "prelude-ls": "~1.1.0",
        "type-check": "~0.3.1"
      },
      "engines": {
        "node": ">= 0.8.0"
      }
    },
    "node_modules/onetime": {
      "version": "1.1.0",
      "integrity": "sha1-ofeDj4MUxRbwXs78vEzP4EtO14k=",
      "dev": true,
      "engines": {
        "node": ">=0.10.0"
      }
    },
    "node_modules/optionator": {
      "version": "0.6.0",
      "integrity": "sha1-tj7Lvw4xX61LyYJ7Rdx7pFKE/LY=",
      "dev": true,
      "dependencies": {
        "deep-is": "~0.1.3",
        "fast-levenshtein": "~1.0.6",
        "levn": "~0.2.5",
        "prelude-ls": "~1.1.1",
        "type-check": "~0.3.1",
        "wordwrap": "~0.0.2"
      },
      "engines": {
        "node": ">= 0.8.0"
      }
    },
    "node_modules/restore-cursor": {
      "version": "1.0.1",
      "integrity": "sha1-NGYfRohjJ/7SmRR5FSJS35LapUE=",
      "dev": true,
      "dependencies": {
        "exit-hook": "^1.0.0",
        "onetime": "^1.0.0"
      },
      "engines": {
        "node": ">=0.10.0"
      }
    },
    "node_modules/run-async": {
      "version": "0.1.0",
      "integrity": "sha1-yK1KXhEGYeQCp9IbUw4AnyX444k=",
      "dev": true,
      "dependencies": {
        "once": "^1.3.0"
      }
    },
    "node_modules/rx-lite": {
      "version": "3.1.2",
      "integrity": "sha1-Gc5QLKVyZl87ZHsQk5+X/RYV8QI=",
      "dev": true
    },
    "node_modules/shelljs": {
      "version": "0.5.3",
      "integrity": "sha1-xUmCuZbHbvDB5rWfvcWCX1txMRM=",
      "dev": true,
      "bin": {
        "shjs": "bin/shjs"
      },
      "engines": {
        "node": ">=0.8.0"
      }
    },
    "node_modules/standard": {
      "version": "5.4.1",
      "integrity": "sha1-LwE5ErJ5Tdswu6qJ3BP7OpkMxys=",
      "dev": true,
      "dependencies": {
        "eslint-config-standard": "4.4.0",
        "eslint-config-standard-react": "1.2.1",
        "eslint-plugin-react": "^3.9.0",
        "eslint-plugin-standard": "^1.3.1",
        "standard-engine": "^2.0.4",
        "standard-format": "^1.3.3"
      },
      "bin": {
        "standard": "bin/cmd.js"
      }
    },
    "node_modules/standard-engine": {
      "version": "2.2.5",
      "integrity": "sha1-ornUQZ9kiiIbjReCP7dFQG83w04=",
      "dev": true,
      "dependencies": {
        "defaults": "^1.0.2",
        "deglob": "^1.0.0",
        "dezalgo": "^1.0.2",
        "eslint": "1.9.0",
        "find-root": "^0.1.1",
        "get-stdin": "^4.0.1",
        "minimist": "^1.1.0",
        "multiline": "^1.0.2",
        "pkg-config": "^1.0.1",
        "xtend": "^4.0.0"
      }
    },
    "node_modules/standard-engine/node_modules/find-root": {
      "version": "0.1.2",
      "integrity": "sha1-mNImfP8ZFsyvJ0OzoO6oHXnX3NE=",
      "dev": true
    },
    "node_modules/strip-json-comments": {
      "version": "1.0.4",
      "integrity": "sha1-HhX7ysl9Pumb8tc7TGVrCCu6+5E=",
      "dev": true,
      "bin": {
        "strip-json-comments": "cli.js"
      },
      "engines": {
        "node": ">=0.8.0"
      }
    },
    "node_modules/underscore": {
      "version": "1.13.1",
      "resolved": "https://registry.npmjs.org/underscore/-/underscore-1.13.1.tgz",
      "integrity": "sha512-hzSoAVtJF+3ZtiFX0VgfFPHEDRm7Y/QPjGyNo4TVdnDTdft3tr8hEkD25a1jC+TjTuE7tkHGKkhwCgs9dgBB2g=="
    },
    "node_modules/underscore-plus": {
      "version": "1.7.0",
      "resolved": "https://registry.npmjs.org/underscore-plus/-/underscore-plus-1.7.0.tgz",
      "integrity": "sha512-A3BEzkeicFLnr+U/Q3EyWwJAQPbA19mtZZ4h+lLq3ttm9kn8WC4R3YpuJZEXmWdLjYP47Zc8aLZm9kwdv+zzvA==",
      "dependencies": {
        "underscore": "^1.9.1"
      }
    },
    "node_modules/user-home": {
      "version": "2.0.0",
      "integrity": "sha1-nHC/2Babwdy/SGBODwS4tJzenp8=",
      "dev": true,
      "dependencies": {
        "os-homedir": "^1.0.0"
      },
      "engines": {
        "node": ">=0.10.0"
      }
    }
  },
  "dependencies": {
    "ansi-escapes": {
      "version": "1.4.0",
      "dev": true
    },
    "atom-select-list": {
      "version": "0.7.2",
      "requires": {
        "etch": "^0.12.6",
        "fuzzaldrin": "^2.1.0"
      }
    },
    "cli-cursor": {
      "version": "1.0.2",
      "dev": true,
      "requires": {
        "restore-cursor": "^1.0.1"
      }
    },
    "cli-width": {
      "version": "1.1.1",
      "dev": true
    },
    "deglob": {
      "version": "1.1.2",
      "dev": true,
      "requires": {
        "find-root": "^1.0.0",
        "glob": "^7.0.5",
        "ignore": "^3.0.9",
        "pkg-config": "^1.1.0",
        "run-parallel": "^1.1.2",
        "uniq": "^1.0.1",
        "xtend": "^4.0.0"
      }
    },
    "doctrine": {
      "version": "0.7.2",
      "dev": true,
      "requires": {
        "esutils": "^1.1.6",
        "isarray": "0.0.1"
      },
      "dependencies": {
        "esutils": {
          "version": "1.1.6",
          "dev": true
        }
      }
    },
    "eslint": {
      "version": "1.9.0",
      "dev": true,
      "requires": {
        "chalk": "^1.0.0",
        "concat-stream": "^1.4.6",
        "debug": "^2.1.1",
        "doctrine": "^0.7.0",
        "escape-string-regexp": "^1.0.2",
        "escope": "^3.2.0",
        "espree": "^2.2.4",
        "estraverse": "^4.1.1",
        "estraverse-fb": "^1.3.1",
        "esutils": "^2.0.2",
        "file-entry-cache": "^1.1.1",
        "glob": "^5.0.14",
        "globals": "^8.11.0",
        "handlebars": "^4.0.0",
        "inquirer": "^0.11.0",
        "is-my-json-valid": "^2.10.0",
        "is-resolvable": "^1.0.0",
        "js-yaml": "^3.2.5",
        "json-stable-stringify": "^1.0.0",
        "lodash.clonedeep": "^3.0.1",
        "lodash.merge": "^3.3.2",
        "lodash.omit": "^3.1.0",
        "minimatch": "^3.0.0",
        "mkdirp": "^0.5.0",
        "object-assign": "^4.0.1",
        "optionator": "^0.6.0",
        "path-is-absolute": "^1.0.0",
        "path-is-inside": "^1.0.1",
        "shelljs": "^0.5.3",
        "strip-json-comments": "~1.0.1",
        "text-table": "~0.2.0",
        "to-double-quotes": "^2.0.0",
        "to-single-quotes": "^2.0.0",
        "user-home": "^2.0.0",
        "xml-escape": "~1.0.0"
      },
      "dependencies": {
        "glob": {
          "version": "5.0.15",
          "dev": true,
          "requires": {
            "inflight": "^1.0.4",
            "inherits": "2",
            "minimatch": "2 || 3",
            "once": "^1.3.0",
            "path-is-absolute": "^1.0.0"
          }
        }
      }
    },
    "eslint-config-standard": {
      "version": "4.4.0",
      "dev": true,
      "requires": {}
    },
    "eslint-plugin-react": {
      "version": "3.16.1",
      "dev": true
    },
    "eslint-plugin-standard": {
      "version": "1.3.3",
      "dev": true
    },
    "espree": {
      "version": "2.2.5",
      "dev": true
    },
    "etch": {
      "version": "0.12.8"
    },
    "fast-levenshtein": {
      "version": "1.0.7",
      "dev": true
    },
    "figures": {
      "version": "1.7.0",
      "dev": true,
      "requires": {
        "escape-string-regexp": "^1.0.5",
        "object-assign": "^4.1.0"
      }
    },
    "file-entry-cache": {
      "version": "1.3.1",
      "dev": true,
      "requires": {
        "flat-cache": "^1.2.1",
        "object-assign": "^4.0.1"
      }
    },
    "globals": {
      "version": "8.18.0",
      "dev": true
    },
    "inquirer": {
      "version": "0.11.4",
      "dev": true,
      "requires": {
        "ansi-escapes": "^1.1.0",
        "ansi-regex": "^2.0.0",
        "chalk": "^1.0.0",
        "cli-cursor": "^1.0.1",
        "cli-width": "^1.0.1",
        "figures": "^1.3.5",
        "lodash": "^3.3.1",
        "readline2": "^1.0.1",
        "run-async": "^0.1.0",
        "rx-lite": "^3.1.2",
        "string-width": "^1.0.1",
        "strip-ansi": "^3.0.0",
        "through": "^2.3.6"
      }
    },
    "isarray": {
      "version": "0.0.1",
      "dev": true
    },
    "levn": {
      "version": "0.2.5",
      "dev": true,
      "requires": {
        "prelude-ls": "~1.1.0",
        "type-check": "~0.3.1"
      }
    },
    "onetime": {
      "version": "1.1.0",
      "dev": true
    },
    "optionator": {
      "version": "0.6.0",
      "dev": true,
      "requires": {
        "deep-is": "~0.1.3",
        "fast-levenshtein": "~1.0.6",
        "levn": "~0.2.5",
        "prelude-ls": "~1.1.1",
        "type-check": "~0.3.1",
        "wordwrap": "~0.0.2"
      }
    },
    "restore-cursor": {
      "version": "1.0.1",
      "dev": true,
      "requires": {
        "exit-hook": "^1.0.0",
        "onetime": "^1.0.0"
      }
    },
    "run-async": {
      "version": "0.1.0",
      "dev": true,
      "requires": {
        "once": "^1.3.0"
      }
    },
    "rx-lite": {
      "version": "3.1.2",
      "dev": true
    },
    "shelljs": {
      "version": "0.5.3",
      "dev": true
    },
    "standard": {
      "version": "5.4.1",
      "dev": true,
      "requires": {
        "eslint-config-standard": "4.4.0",
        "eslint-config-standard-react": "1.2.1",
        "eslint-plugin-react": "^3.9.0",
        "eslint-plugin-standard": "^1.3.1",
        "standard-engine": "^2.0.4",
        "standard-format": "^1.3.3"
      }
    },
    "standard-engine": {
      "version": "2.2.5",
      "dev": true,
      "requires": {
        "defaults": "^1.0.2",
        "deglob": "^1.0.0",
        "dezalgo": "^1.0.2",
        "eslint": "1.9.0",
        "find-root": "^0.1.1",
        "get-stdin": "^4.0.1",
        "minimist": "^1.1.0",
        "multiline": "^1.0.2",
        "pkg-config": "^1.0.1",
        "xtend": "^4.0.0"
      },
      "dependencies": {
        "find-root": {
          "version": "0.1.2",
          "dev": true
        }
      }
    },
    "strip-json-comments": {
      "version": "1.0.4",
      "dev": true
    },
    "underscore": {
      "version": "1.13.1",
      "resolved": "https://registry.npmjs.org/underscore/-/underscore-1.13.1.tgz",
      "integrity": "sha512-hzSoAVtJF+3ZtiFX0VgfFPHEDRm7Y/QPjGyNo4TVdnDTdft3tr8hEkD25a1jC+TjTuE7tkHGKkhwCgs9dgBB2g=="
    },
    "underscore-plus": {
      "version": "1.7.0",
      "resolved": "https://registry.npmjs.org/underscore-plus/-/underscore-plus-1.7.0.tgz",
      "integrity": "sha512-A3BEzkeicFLnr+U/Q3EyWwJAQPbA19mtZZ4h+lLq3ttm9kn8WC4R3YpuJZEXmWdLjYP47Zc8aLZm9kwdv+zzvA==",
      "requires": {
        "underscore": "^1.9.1"
      }
    },
    "user-home": {
      "version": "2.0.0",
      "dev": true,
      "requires": {
        "os-homedir": "^1.0.0"
      }
    }
  }
}
