{
  "name": "language-rust-bundled",
  "version": "0.1.0",
  "lockfileVersion": 2,
  "requires": true,
  "packages": {
    "": {
      "version": "0.1.0",
      "license": "MIT",
      "dependencies": {
        "tree-sitter-rust": "^0.17.0"
      },
      "engines": {
        "atom": ">=1.0.0 <2.0.0"
      }
    },
    "node_modules/tree-sitter-rust": {
      "version": "0.17.0",
      "integrity": "sha512-dWYKrX4JbuLbKagTeCSsMZuFDKTzzaEHECsjLzIqbO/IhNHHLOzEcbF2YcIAGKG5thiT/lnNAjeOXDsILteCpg==",
      "hasInstallScript": true,
      "dependencies": {
        "nan": "^2.8.0"
      }
    }
  },
  "dependencies": {
    "tree-sitter-rust": {
      "version": "0.17.0",
      "requires": {
        "nan": "^2.8.0"
      }
    }
  }
}
